
Microsoft Visual Studio Solution File, Format Version 12.00
# Visual Studio Version 17
VisualStudioVersion = 17.2.32505.173
MinimumVisualStudioVersion = 10.0.40219.1
Project("{2150E333-8FDC-42A3-9474-1A3956D46DE8}") = "Yellowstone Pathology", "Yellowstone Pathology", "{477C1F97-BA67-44FE-A37C-BCBD2EFE6688}"
	ProjectSection(SolutionItems) = preProject
		Local.testsettings = Local.testsettings
		TraceAndTestImpact.testsettings = TraceAndTestImpact.testsettings
		YellowstonePathology.vsmdi = YellowstonePathology.vsmdi
	EndProjectSection
EndProject
Project("{2150E333-8FDC-42A3-9474-1A3956D46DE8}") = "Solution Items", "Solution Items", "{44311866-8304-490A-830A-CBEE183082A3}"
	ProjectSection(SolutionItems) = preProject
		Local.testsettings = Local.testsettings
		TraceAndTestImpact.testsettings = TraceAndTestImpact.testsettings
		YellowstonePathology3.vsmdi = YellowstonePathology3.vsmdi
	EndProjectSection
EndProject
Project("{FAE04EC0-301F-11D3-BF4B-00C04F79EFBC}") = "UserInterface", "YellowstonePathology\UserInterface.csproj", "{B592C3C3-C7D0-4B34-A932-06605568E45F}"
EndProject
Project("{9A19103F-16F7-4668-BE54-9A1E7A4F7556}") = "YPI-LIS", "YPI-LIS\YPI-LIS.csproj", "{F4F8E872-43BA-4B83-97DE-A0D9271F56AC}"
EndProject
Project("{FAE04EC0-301F-11D3-BF4B-00C04F79EFBC}") = "YPI-Business", "YPI-Business\YPI-Business.csproj", "{77759AA6-23AD-4F14-995E-BD5CFC41F63B}"
EndProject
Global
	GlobalSection(SolutionConfigurationPlatforms) = preSolution
		Debug|Any CPU = Debug|Any CPU
		Debug|ARM = Debug|ARM
		Debug|ARM64 = Debug|ARM64
		Debug|x64 = Debug|x64
		Debug|x86 = Debug|x86
		Mongo|Any CPU = Mongo|Any CPU
		Mongo|ARM = Mongo|ARM
		Mongo|ARM64 = Mongo|ARM64
		Mongo|x64 = Mongo|x64
		Mongo|x86 = Mongo|x86
		Release|Any CPU = Release|Any CPU
		Release|ARM = Release|ARM
		Release|ARM64 = Release|ARM64
		Release|x64 = Release|x64
		Release|x86 = Release|x86
	EndGlobalSection
	GlobalSection(ProjectConfigurationPlatforms) = postSolution
		{B592C3C3-C7D0-4B34-A932-06605568E45F}.Debug|Any CPU.ActiveCfg = Debug|Any CPU
		{B592C3C3-C7D0-4B34-A932-06605568E45F}.Debug|Any CPU.Build.0 = Debug|Any CPU
		{B592C3C3-C7D0-4B34-A932-06605568E45F}.Debug|ARM.ActiveCfg = Debug|Any CPU
		{B592C3C3-C7D0-4B34-A932-06605568E45F}.Debug|ARM.Build.0 = Debug|Any CPU
		{B592C3C3-C7D0-4B34-A932-06605568E45F}.Debug|ARM64.ActiveCfg = Debug|Any CPU
		{B592C3C3-C7D0-4B34-A932-06605568E45F}.Debug|ARM64.Build.0 = Debug|Any CPU
		{B592C3C3-C7D0-4B34-A932-06605568E45F}.Debug|x64.ActiveCfg = Debug|Any CPU
		{B592C3C3-C7D0-4B34-A932-06605568E45F}.Debug|x64.Build.0 = Debug|Any CPU
		{B592C3C3-C7D0-4B34-A932-06605568E45F}.Debug|x86.ActiveCfg = Debug|Win32
		{B592C3C3-C7D0-4B34-A932-06605568E45F}.Debug|x86.Build.0 = Debug|Win32
		{B592C3C3-C7D0-4B34-A932-06605568E45F}.Mongo|Any CPU.ActiveCfg = Mongo|Any CPU
		{B592C3C3-C7D0-4B34-A932-06605568E45F}.Mongo|Any CPU.Build.0 = Mongo|Any CPU
		{B592C3C3-C7D0-4B34-A932-06605568E45F}.Mongo|ARM.ActiveCfg = Mongo|Any CPU
		{B592C3C3-C7D0-4B34-A932-06605568E45F}.Mongo|ARM.Build.0 = Mongo|Any CPU
		{B592C3C3-C7D0-4B34-A932-06605568E45F}.Mongo|ARM64.ActiveCfg = Mongo|Any CPU
		{B592C3C3-C7D0-4B34-A932-06605568E45F}.Mongo|ARM64.Build.0 = Mongo|Any CPU
		{B592C3C3-C7D0-4B34-A932-06605568E45F}.Mongo|x64.ActiveCfg = Mongo|Any CPU
		{B592C3C3-C7D0-4B34-A932-06605568E45F}.Mongo|x64.Build.0 = Mongo|Any CPU
		{B592C3C3-C7D0-4B34-A932-06605568E45F}.Mongo|x86.ActiveCfg = Mongo|Win32
		{B592C3C3-C7D0-4B34-A932-06605568E45F}.Mongo|x86.Build.0 = Mongo|Win32
		{B592C3C3-C7D0-4B34-A932-06605568E45F}.Release|Any CPU.ActiveCfg = Release|Any CPU
		{B592C3C3-C7D0-4B34-A932-06605568E45F}.Release|Any CPU.Build.0 = Release|Any CPU
		{B592C3C3-C7D0-4B34-A932-06605568E45F}.Release|ARM.ActiveCfg = Release|Any CPU
		{B592C3C3-C7D0-4B34-A932-06605568E45F}.Release|ARM.Build.0 = Release|Any CPU
		{B592C3C3-C7D0-4B34-A932-06605568E45F}.Release|ARM64.ActiveCfg = Release|Any CPU
		{B592C3C3-C7D0-4B34-A932-06605568E45F}.Release|ARM64.Build.0 = Release|Any CPU
		{B592C3C3-C7D0-4B34-A932-06605568E45F}.Release|x64.ActiveCfg = Release|Any CPU
		{B592C3C3-C7D0-4B34-A932-06605568E45F}.Release|x64.Build.0 = Release|Any CPU
		{B592C3C3-C7D0-4B34-A932-06605568E45F}.Release|x86.ActiveCfg = Release|Win32
		{B592C3C3-C7D0-4B34-A932-06605568E45F}.Release|x86.Build.0 = Release|Win32
		{F4F8E872-43BA-4B83-97DE-A0D9271F56AC}.Debug|Any CPU.ActiveCfg = Debug|Any CPU
		{F4F8E872-43BA-4B83-97DE-A0D9271F56AC}.Debug|Any CPU.Build.0 = Debug|Any CPU
		{F4F8E872-43BA-4B83-97DE-A0D9271F56AC}.Debug|ARM.ActiveCfg = Debug|Any CPU
		{F4F8E872-43BA-4B83-97DE-A0D9271F56AC}.Debug|ARM.Build.0 = Debug|Any CPU
		{F4F8E872-43BA-4B83-97DE-A0D9271F56AC}.Debug|ARM64.ActiveCfg = Debug|Any CPU
		{F4F8E872-43BA-4B83-97DE-A0D9271F56AC}.Debug|ARM64.Build.0 = Debug|Any CPU
		{F4F8E872-43BA-4B83-97DE-A0D9271F56AC}.Debug|x64.ActiveCfg = Debug|Any CPU
		{F4F8E872-43BA-4B83-97DE-A0D9271F56AC}.Debug|x64.Build.0 = Debug|Any CPU
		{F4F8E872-43BA-4B83-97DE-A0D9271F56AC}.Debug|x86.ActiveCfg = Debug|Any CPU
		{F4F8E872-43BA-4B83-97DE-A0D9271F56AC}.Debug|x86.Build.0 = Debug|Any CPU
		{F4F8E872-43BA-4B83-97DE-A0D9271F56AC}.Mongo|Any CPU.ActiveCfg = Debug|Any CPU
		{F4F8E872-43BA-4B83-97DE-A0D9271F56AC}.Mongo|Any CPU.Build.0 = Debug|Any CPU
		{F4F8E872-43BA-4B83-97DE-A0D9271F56AC}.Mongo|ARM.ActiveCfg = Debug|Any CPU
		{F4F8E872-43BA-4B83-97DE-A0D9271F56AC}.Mongo|ARM.Build.0 = Debug|Any CPU
		{F4F8E872-43BA-4B83-97DE-A0D9271F56AC}.Mongo|ARM64.ActiveCfg = Debug|Any CPU
		{F4F8E872-43BA-4B83-97DE-A0D9271F56AC}.Mongo|ARM64.Build.0 = Debug|Any CPU
		{F4F8E872-43BA-4B83-97DE-A0D9271F56AC}.Mongo|x64.ActiveCfg = Debug|Any CPU
		{F4F8E872-43BA-4B83-97DE-A0D9271F56AC}.Mongo|x64.Build.0 = Debug|Any CPU
		{F4F8E872-43BA-4B83-97DE-A0D9271F56AC}.Mongo|x86.ActiveCfg = Debug|Any CPU
		{F4F8E872-43BA-4B83-97DE-A0D9271F56AC}.Mongo|x86.Build.0 = Debug|Any CPU
		{F4F8E872-43BA-4B83-97DE-A0D9271F56AC}.Release|Any CPU.ActiveCfg = Release|Any CPU
		{F4F8E872-43BA-4B83-97DE-A0D9271F56AC}.Release|Any CPU.Build.0 = Release|Any CPU
		{F4F8E872-43BA-4B83-97DE-A0D9271F56AC}.Release|ARM.ActiveCfg = Release|Any CPU
		{F4F8E872-43BA-4B83-97DE-A0D9271F56AC}.Release|ARM.Build.0 = Release|Any CPU
		{F4F8E872-43BA-4B83-97DE-A0D9271F56AC}.Release|ARM64.ActiveCfg = Release|Any CPU
		{F4F8E872-43BA-4B83-97DE-A0D9271F56AC}.Release|ARM64.Build.0 = Release|Any CPU
		{F4F8E872-43BA-4B83-97DE-A0D9271F56AC}.Release|x64.ActiveCfg = Release|Any CPU
		{F4F8E872-43BA-4B83-97DE-A0D9271F56AC}.Release|x64.Build.0 = Release|Any CPU
		{F4F8E872-43BA-4B83-97DE-A0D9271F56AC}.Release|x86.ActiveCfg = Release|Any CPU
		{F4F8E872-43BA-4B83-97DE-A0D9271F56AC}.Release|x86.Build.0 = Release|Any CPU
		{77759AA6-23AD-4F14-995E-BD5CFC41F63B}.Debug|Any CPU.ActiveCfg = Debug|Any CPU
		{77759AA6-23AD-4F14-995E-BD5CFC41F63B}.Debug|Any CPU.Build.0 = Debug|Any CPU
		{77759AA6-23AD-4F14-995E-BD5CFC41F63B}.Debug|ARM.ActiveCfg = Debug|Any CPU
		{77759AA6-23AD-4F14-995E-BD5CFC41F63B}.Debug|ARM.Build.0 = Debug|Any CPU
		{77759AA6-23AD-4F14-995E-BD5CFC41F63B}.Debug|ARM64.ActiveCfg = Debug|Any CPU
		{77759AA6-23AD-4F14-995E-BD5CFC41F63B}.Debug|ARM64.Build.0 = Debug|Any CPU
		{77759AA6-23AD-4F14-995E-BD5CFC41F63B}.Debug|x64.ActiveCfg = Debug|Any CPU
		{77759AA6-23AD-4F14-995E-BD5CFC41F63B}.Debug|x64.Build.0 = Debug|Any CPU
		{77759AA6-23AD-4F14-995E-BD5CFC41F63B}.Debug|x86.ActiveCfg = Debug|Any CPU
		{77759AA6-23AD-4F14-995E-BD5CFC41F63B}.Debug|x86.Build.0 = Debug|Any CPU
		{77759AA6-23AD-4F14-995E-BD5CFC41F63B}.Mongo|Any CPU.ActiveCfg = Debug|Any CPU
		{77759AA6-23AD-4F14-995E-BD5CFC41F63B}.Mongo|Any CPU.Build.0 = Debug|Any CPU
		{77759AA6-23AD-4F14-995E-BD5CFC41F63B}.Mongo|ARM.ActiveCfg = Debug|Any CPU
		{77759AA6-23AD-4F14-995E-BD5CFC41F63B}.Mongo|ARM.Build.0 = Debug|Any CPU
		{77759AA6-23AD-4F14-995E-BD5CFC41F63B}.Mongo|ARM64.ActiveCfg = Debug|Any CPU
		{77759AA6-23AD-4F14-995E-BD5CFC41F63B}.Mongo|ARM64.Build.0 = Debug|Any CPU
		{77759AA6-23AD-4F14-995E-BD5CFC41F63B}.Mongo|x64.ActiveCfg = Debug|Any CPU
		{77759AA6-23AD-4F14-995E-BD5CFC41F63B}.Mongo|x64.Build.0 = Debug|Any CPU
		{77759AA6-23AD-4F14-995E-BD5CFC41F63B}.Mongo|x86.ActiveCfg = Debug|Any CPU
		{77759AA6-23AD-4F14-995E-BD5CFC41F63B}.Mongo|x86.Build.0 = Debug|Any CPU
		{77759AA6-23AD-4F14-995E-BD5CFC41F63B}.Release|Any CPU.ActiveCfg = Release|Any CPU
		{77759AA6-23AD-4F14-995E-BD5CFC41F63B}.Release|Any CPU.Build.0 = Release|Any CPU
		{77759AA6-23AD-4F14-995E-BD5CFC41F63B}.Release|ARM.ActiveCfg = Release|Any CPU
		{77759AA6-23AD-4F14-995E-BD5CFC41F63B}.Release|ARM.Build.0 = Release|Any CPU
		{77759AA6-23AD-4F14-995E-BD5CFC41F63B}.Release|ARM64.ActiveCfg = Release|Any CPU
		{77759AA6-23AD-4F14-995E-BD5CFC41F63B}.Release|ARM64.Build.0 = Release|Any CPU
		{77759AA6-23AD-4F14-995E-BD5CFC41F63B}.Release|x64.ActiveCfg = Release|Any CPU
		{77759AA6-23AD-4F14-995E-BD5CFC41F63B}.Release|x64.Build.0 = Release|Any CPU
		{77759AA6-23AD-4F14-995E-BD5CFC41F63B}.Release|x86.ActiveCfg = Release|Any CPU
		{77759AA6-23AD-4F14-995E-BD5CFC41F63B}.Release|x86.Build.0 = Release|Any CPU
	EndGlobalSection
	GlobalSection(SolutionProperties) = preSolution
		HideSolutionNode = FALSE
	EndGlobalSection
	GlobalSection(NestedProjects) = preSolution
		{477C1F97-BA67-44FE-A37C-BCBD2EFE6688} = {44311866-8304-490A-830A-CBEE183082A3}
	EndGlobalSection
	GlobalSection(ExtensibilityGlobals) = postSolution
		SolutionGuid = {7A9C04DA-2B60-4000-A82A-DD8D3BFF2FEB}
	EndGlobalSection
	GlobalSection(TestCaseManagementSettings) = postSolution
		CategoryFile = YellowstonePathology3.vsmdi
	EndGlobalSection
EndGlobal
